{
  "version": 4,
  "terraform_version": "1.4.6",
  "serial": 11,
  "lineage": "fd5894dd-f898-391e-4674-89750b754d68",
  "outputs": {},
  "resources": [
    {
      "mode": "managed",
      "type": "local_file",
      "name": "foo",
      "provider": "provider[\"registry.terraform.io/hashicorp/local\"]",
      "instances": [
        {
          "schema_version": 0,
          "attributes": {
            "content": "def index():\r\n    return '\u003ch1\u003eHello! Greetings!\u003c/h1\u003e'\r\n",
            "content_base64": null,
            "content_base64sha256": "2CHxGFg+HuP6fpvyfFpcxcgQqLqdmnRTCGznL5NjlvU=",
            "content_base64sha512": "mJe9L/Kx0M+1sda/ePxq5282oOiYZxAy+hfNxh0Lon7DS6pjWJpKpHkE4/vW8U7/OGLYxIuiY6sLLWtdhu600Q==",
            "content_md5": "73505ecfdb50e94a533f13782d5af22e",
            "content_sha1": "db96a5337b4a511b5b48bdbea1dc0a65c06dc33c",
            "content_sha256": "d821f118583e1ee3fa7e9bf27c5a5cc5c810a8ba9d9a7453086ce72f936396f5",
            "content_sha512": "9897bd2ff2b1d0cfb5b1d6bf78fc6ae76f36a0e898671032fa17cdc61d0ba27ec34baa63589a4aa47904e3fbd6f14eff3862d8c48ba263ab0b2d6b5d86eeb4d1",
            "directory_permission": "0777",
            "file_permission": "0777",
            "filename": "./main.py",
            "id": "db96a5337b4a511b5b48bdbea1dc0a65c06dc33c",
            "sensitive_content": null,
            "source": null
          },
          "sensitive_attributes": []
        }
      ]
    }
  ],
  "check_results": null
}
